
Microsoft Visual Studio Solution File, Format Version 12.00
# Visual Studio Version 17
VisualStudioVersion = 17.12.35527.113
MinimumVisualStudioVersion = 10.0.40219.1
Project("{FAE04EC0-301F-11D3-BF4B-00C04F79EFBC}") = "HRAAB_Management.Console", "HRAAB_Management.Console\HRAAB_Management.Console.csproj", "{E644683F-3CE5-4A67-8454-37705C3F04DC}"
EndProject
Project("{FAE04EC0-301F-11D3-BF4B-00C04F79EFBC}") = "HRAAB_Management.Business", "HRAAB_Management.Business\HRAAB_Management.Business.csproj", "{67ADA4E3-78A6-4F85-B753-2B2C847D79AD}"
EndProject
Project("{FAE04EC0-301F-11D3-BF4B-00C04F79EFBC}") = "HRAAB_Management.Tests", "HRAAB_Management.Tests\HRAAB_Management.Tests.csproj", "{009C8605-EBC0-45E5-92F4-0CE02B82FEF0}"
EndProject
Global
	GlobalSection(SolutionConfigurationPlatforms) = preSolution
		Debug|Any CPU = Debug|Any CPU
		Release|Any CPU = Release|Any CPU
	EndGlobalSection
	GlobalSection(ProjectConfigurationPlatforms) = postSolution
		{E644683F-3CE5-4A67-8454-37705C3F04DC}.Debug|Any CPU.ActiveCfg = Debug|Any CPU
		{E644683F-3CE5-4A67-8454-37705C3F04DC}.Debug|Any CPU.Build.0 = Debug|Any CPU
		{E644683F-3CE5-4A67-8454-37705C3F04DC}.Release|Any CPU.ActiveCfg = Release|Any CPU
		{E644683F-3CE5-4A67-8454-37705C3F04DC}.Release|Any CPU.Build.0 = Release|Any CPU
		{67ADA4E3-78A6-4F85-B753-2B2C847D79AD}.Debug|Any CPU.ActiveCfg = Debug|Any CPU
		{67ADA4E3-78A6-4F85-B753-2B2C847D79AD}.Debug|Any CPU.Build.0 = Debug|Any CPU
		{67ADA4E3-78A6-4F85-B753-2B2C847D79AD}.Release|Any CPU.ActiveCfg = Release|Any CPU
		{67ADA4E3-78A6-4F85-B753-2B2C847D79AD}.Release|Any CPU.Build.0 = Release|Any CPU
		{009C8605-EBC0-45E5-92F4-0CE02B82FEF0}.Debug|Any CPU.ActiveCfg = Debug|Any CPU
		{009C8605-EBC0-45E5-92F4-0CE02B82FEF0}.Debug|Any CPU.Build.0 = Debug|Any CPU
		{009C8605-EBC0-45E5-92F4-0CE02B82FEF0}.Release|Any CPU.ActiveCfg = Release|Any CPU
		{009C8605-EBC0-45E5-92F4-0CE02B82FEF0}.Release|Any CPU.Build.0 = Release|Any CPU
	EndGlobalSection
	GlobalSection(SolutionProperties) = preSolution
		HideSolutionNode = FALSE
	EndGlobalSection
EndGlobal
